{
  "name": "@gerhobbelt/mathjax",
  "version": "2.7.3-1",
  "lockfileVersion": 1,
  "dependencies": {
    "@gerhobbelt/mathjax-dev": {
      "version": "1.0.1-2",
      "resolved": "https://registry.npmjs.org/@gerhobbelt/mathjax-dev/-/mathjax-dev-1.0.1-2.tgz",
      "integrity": "sha512-s4EziLgHSHmk6e1Ld3+eSiScZ3zU+YW3e9ZottqHA5QvlA6s8qufloFBYBol2+BGm53HoUllwxKceowmjXITCw==",
      "dev": true
    }
  }
}
