{
  "name": "@gerhobbelt/mathjax",
  "version": "2.7.3-2",
  "lockfileVersion": 1,
  "dependencies": {
    "@gerhobbelt/mathjax-dev": {
      "version": "1.0.1-3",
      "resolved": "https://registry.npmjs.org/@gerhobbelt/mathjax-dev/-/mathjax-dev-1.0.1-3.tgz",
      "integrity": "sha512-cv2Gaxld80/OAuEHxGXuIowe1iXSc7xxtTHVTn2ZegPyrvvjDjYGsAFP4iyl/C8Cf2Nc6A+JAmUQcVpzBkgojw==",
      "dev": true
    }
  }
}
