{
  "name": "@gerhobbelt/mathjax",
  "version": "2.7.3-1",
  "lockfileVersion": 1,
  "dependencies": {
    "@gerhobbelt/mathjax-dev": {
      "version": "1.0.1-1",
      "resolved": "https://registry.npmjs.org/@gerhobbelt/mathjax-dev/-/mathjax-dev-1.0.1-1.tgz",
      "integrity": "sha512-3uCqapRoxgZFWT4uJ6tZPOVhPH4YQh3zGUGz+A1gR1n4EIsgssVNIxnZoAigsZPIE6D3MX8QLBL4wBzI0PoC4A==",
      "dev": true
    }
  }
}
